
Microsoft Visual Studio Solution File, Format Version 12.00
# Visual Studio 2012
Project("{FAE04EC0-301F-11D3-BF4B-00C04F79EFBC}") = "SimpleUtilsLib", "SimpleUtilsLib\SimpleUtilsLib.csproj", "{52C16359-14EF-4550-93DC-7AA648D778EF}"
EndProject
Project("{FAE04EC0-301F-11D3-BF4B-00C04F79EFBC}") = "SimpleUtilsTests", "SimpleUtilsTests\SimpleUtilsTests.csproj", "{686A7C25-F510-4C9D-A8F9-7772A0558222}"
EndProject
Global
	GlobalSection(SolutionConfigurationPlatforms) = preSolution
		Debug|Any CPU = Debug|Any CPU
		Release|Any CPU = Release|Any CPU
	EndGlobalSection
	GlobalSection(ProjectConfigurationPlatforms) = postSolution
		{52C16359-14EF-4550-93DC-7AA648D778EF}.Debug|Any CPU.ActiveCfg = Debug|Any CPU
		{52C16359-14EF-4550-93DC-7AA648D778EF}.Debug|Any CPU.Build.0 = Debug|Any CPU
		{52C16359-14EF-4550-93DC-7AA648D778EF}.Release|Any CPU.ActiveCfg = Release|Any CPU
		{52C16359-14EF-4550-93DC-7AA648D778EF}.Release|Any CPU.Build.0 = Release|Any CPU
		{686A7C25-F510-4C9D-A8F9-7772A0558222}.Debug|Any CPU.ActiveCfg = Debug|Any CPU
		{686A7C25-F510-4C9D-A8F9-7772A0558222}.Debug|Any CPU.Build.0 = Debug|Any CPU
		{686A7C25-F510-4C9D-A8F9-7772A0558222}.Release|Any CPU.ActiveCfg = Release|Any CPU
		{686A7C25-F510-4C9D-A8F9-7772A0558222}.Release|Any CPU.Build.0 = Release|Any CPU
	EndGlobalSection
	GlobalSection(MonoDevelopProperties) = preSolution
		StartupItem = SimpleUtilsLib\SimpleUtilsLib.csproj
	EndGlobalSection
EndGlobal
